
Microsoft Visual Studio Solution File, Format Version 12.00
# Visual Studio Version 16
VisualStudioVersion = 16.0.32228.343
MinimumVisualStudioVersion = 10.0.40219.1
Project("{FAE04EC0-301F-11D3-BF4B-00C04F79EFBC}") = "KADR", "KADR.csproj", "{9DBE530B-6378-4CE1-8B68-983EBB8992F8}"
EndProject
Global
	GlobalSection(SolutionConfigurationPlatforms) = preSolution
		Debug|Any CPU = Debug|Any CPU
		Release|Any CPU = Release|Any CPU
	EndGlobalSection
	GlobalSection(ProjectConfigurationPlatforms) = postSolution
		{9DBE530B-6378-4CE1-8B68-983EBB8992F8}.Debug|Any CPU.ActiveCfg = Debug|Any CPU
		{9DBE530B-6378-4CE1-8B68-983EBB8992F8}.Debug|Any CPU.Build.0 = Debug|Any CPU
		{9DBE530B-6378-4CE1-8B68-983EBB8992F8}.Release|Any CPU.ActiveCfg = Release|Any CPU
		{9DBE530B-6378-4CE1-8B68-983EBB8992F8}.Release|Any CPU.Build.0 = Release|Any CPU
	EndGlobalSection
	GlobalSection(SolutionProperties) = preSolution
		HideSolutionNode = FALSE
	EndGlobalSection
	GlobalSection(ExtensibilityGlobals) = postSolution
		SolutionGuid = {F10F6B39-1678-484E-9F42-0513F458FFB0}
	EndGlobalSection
EndGlobal
