
Microsoft Visual Studio Solution File, Format Version 12.00
# Visual Studio Version 16
VisualStudioVersion = 16.0.32413.511
MinimumVisualStudioVersion = 10.0.40219.1
Project("{FAE04EC0-301F-11D3-BF4B-00C04F79EFBC}") = "ConsoleApp8", "ConsoleApp8.csproj", "{DDBE8FB6-BFC7-4DE5-AD4F-AB8A5203A169}"
EndProject
Global
	GlobalSection(SolutionConfigurationPlatforms) = preSolution
		Debug|Any CPU = Debug|Any CPU
		Release|Any CPU = Release|Any CPU
	EndGlobalSection
	GlobalSection(ProjectConfigurationPlatforms) = postSolution
		{DDBE8FB6-BFC7-4DE5-AD4F-AB8A5203A169}.Debug|Any CPU.ActiveCfg = Debug|Any CPU
		{DDBE8FB6-BFC7-4DE5-AD4F-AB8A5203A169}.Debug|Any CPU.Build.0 = Debug|Any CPU
		{DDBE8FB6-BFC7-4DE5-AD4F-AB8A5203A169}.Release|Any CPU.ActiveCfg = Release|Any CPU
		{DDBE8FB6-BFC7-4DE5-AD4F-AB8A5203A169}.Release|Any CPU.Build.0 = Release|Any CPU
	EndGlobalSection
	GlobalSection(SolutionProperties) = preSolution
		HideSolutionNode = FALSE
	EndGlobalSection
	GlobalSection(ExtensibilityGlobals) = postSolution
		SolutionGuid = {B9D62642-E4AF-4DA3-81FE-60BB57EBFEBD}
	EndGlobalSection
EndGlobal
