
Microsoft Visual Studio Solution File, Format Version 12.00
# Visual Studio Version 17
VisualStudioVersion = 17.7.34202.233
MinimumVisualStudioVersion = 10.0.40219.1
Project("{FAE04EC0-301F-11D3-BF4B-00C04F79EFBC}") = "Avto", "Avto.csproj", "{BFBEEA32-005F-4F05-B312-68518001C5E1}"
EndProject
Global
	GlobalSection(SolutionConfigurationPlatforms) = preSolution
		Debug|Any CPU = Debug|Any CPU
		Release|Any CPU = Release|Any CPU
	EndGlobalSection
	GlobalSection(ProjectConfigurationPlatforms) = postSolution
		{BFBEEA32-005F-4F05-B312-68518001C5E1}.Debug|Any CPU.ActiveCfg = Debug|Any CPU
		{BFBEEA32-005F-4F05-B312-68518001C5E1}.Debug|Any CPU.Build.0 = Debug|Any CPU
		{BFBEEA32-005F-4F05-B312-68518001C5E1}.Release|Any CPU.ActiveCfg = Release|Any CPU
		{BFBEEA32-005F-4F05-B312-68518001C5E1}.Release|Any CPU.Build.0 = Release|Any CPU
	EndGlobalSection
	GlobalSection(SolutionProperties) = preSolution
		HideSolutionNode = FALSE
	EndGlobalSection
	GlobalSection(ExtensibilityGlobals) = postSolution
		SolutionGuid = {E8A09121-0E18-4663-AD70-E961BDB6316A}
	EndGlobalSection
EndGlobal
