
Microsoft Visual Studio Solution File, Format Version 12.00
# Visual Studio Version 16
VisualStudioVersion = 16.0.32228.343
MinimumVisualStudioVersion = 10.0.40219.1
Project("{FAE04EC0-301F-11D3-BF4B-00C04F79EFBC}") = "PARIKMAHER", "PARIKMAHER.csproj", "{422E02A2-37A0-4928-BA60-E7AE4B38A2DC}"
EndProject
Global
	GlobalSection(SolutionConfigurationPlatforms) = preSolution
		Debug|Any CPU = Debug|Any CPU
		Debug|x64 = Debug|x64
		Debug|x86 = Debug|x86
		Release|Any CPU = Release|Any CPU
		Release|x64 = Release|x64
		Release|x86 = Release|x86
	EndGlobalSection
	GlobalSection(ProjectConfigurationPlatforms) = postSolution
		{422E02A2-37A0-4928-BA60-E7AE4B38A2DC}.Debug|Any CPU.ActiveCfg = Debug|Any CPU
		{422E02A2-37A0-4928-BA60-E7AE4B38A2DC}.Debug|Any CPU.Build.0 = Debug|Any CPU
		{422E02A2-37A0-4928-BA60-E7AE4B38A2DC}.Debug|x64.ActiveCfg = Debug|x64
		{422E02A2-37A0-4928-BA60-E7AE4B38A2DC}.Debug|x64.Build.0 = Debug|x64
		{422E02A2-37A0-4928-BA60-E7AE4B38A2DC}.Debug|x86.ActiveCfg = Debug|x86
		{422E02A2-37A0-4928-BA60-E7AE4B38A2DC}.Debug|x86.Build.0 = Debug|x86
		{422E02A2-37A0-4928-BA60-E7AE4B38A2DC}.Release|Any CPU.ActiveCfg = Release|Any CPU
		{422E02A2-37A0-4928-BA60-E7AE4B38A2DC}.Release|Any CPU.Build.0 = Release|Any CPU
		{422E02A2-37A0-4928-BA60-E7AE4B38A2DC}.Release|x64.ActiveCfg = Release|x64
		{422E02A2-37A0-4928-BA60-E7AE4B38A2DC}.Release|x64.Build.0 = Release|x64
		{422E02A2-37A0-4928-BA60-E7AE4B38A2DC}.Release|x86.ActiveCfg = Release|x86
		{422E02A2-37A0-4928-BA60-E7AE4B38A2DC}.Release|x86.Build.0 = Release|x86
	EndGlobalSection
	GlobalSection(SolutionProperties) = preSolution
		HideSolutionNode = FALSE
	EndGlobalSection
	GlobalSection(ExtensibilityGlobals) = postSolution
		SolutionGuid = {DC247645-DA98-494D-91D0-C12074CD6C15}
	EndGlobalSection
EndGlobal
