
Microsoft Visual Studio Solution File, Format Version 12.00
# Visual Studio Version 16
VisualStudioVersion = 16.0.31613.86
MinimumVisualStudioVersion = 10.0.40219.1
Project("{FAE04EC0-301F-11D3-BF4B-00C04F79EFBC}") = "ConsoleApp67", "ConsoleApp67.csproj", "{F6555DB0-4A6F-43F6-8FAB-E7D34752A95D}"
EndProject
Global
	GlobalSection(SolutionConfigurationPlatforms) = preSolution
		Debug|Any CPU = Debug|Any CPU
		Release|Any CPU = Release|Any CPU
	EndGlobalSection
	GlobalSection(ProjectConfigurationPlatforms) = postSolution
		{F6555DB0-4A6F-43F6-8FAB-E7D34752A95D}.Debug|Any CPU.ActiveCfg = Debug|Any CPU
		{F6555DB0-4A6F-43F6-8FAB-E7D34752A95D}.Debug|Any CPU.Build.0 = Debug|Any CPU
		{F6555DB0-4A6F-43F6-8FAB-E7D34752A95D}.Release|Any CPU.ActiveCfg = Release|Any CPU
		{F6555DB0-4A6F-43F6-8FAB-E7D34752A95D}.Release|Any CPU.Build.0 = Release|Any CPU
	EndGlobalSection
	GlobalSection(SolutionProperties) = preSolution
		HideSolutionNode = FALSE
	EndGlobalSection
	GlobalSection(ExtensibilityGlobals) = postSolution
		SolutionGuid = {EB3BCB52-8617-4BCC-9CB7-4E678E14D8C2}
	EndGlobalSection
EndGlobal
