
Microsoft Visual Studio Solution File, Format Version 12.00
# Visual Studio Version 16
VisualStudioVersion = 16.0.32228.343
MinimumVisualStudioVersion = 10.0.40219.1
Project("{FAE04EC0-301F-11D3-BF4B-00C04F79EFBC}") = "ConsoleApp17", "ConsoleApp17.csproj", "{C8690EE9-4509-4D55-AFFE-72038BF170EE}"
EndProject
Global
	GlobalSection(SolutionConfigurationPlatforms) = preSolution
		Debug|Any CPU = Debug|Any CPU
		Release|Any CPU = Release|Any CPU
	EndGlobalSection
	GlobalSection(ProjectConfigurationPlatforms) = postSolution
		{C8690EE9-4509-4D55-AFFE-72038BF170EE}.Debug|Any CPU.ActiveCfg = Debug|Any CPU
		{C8690EE9-4509-4D55-AFFE-72038BF170EE}.Debug|Any CPU.Build.0 = Debug|Any CPU
		{C8690EE9-4509-4D55-AFFE-72038BF170EE}.Release|Any CPU.ActiveCfg = Release|Any CPU
		{C8690EE9-4509-4D55-AFFE-72038BF170EE}.Release|Any CPU.Build.0 = Release|Any CPU
	EndGlobalSection
	GlobalSection(SolutionProperties) = preSolution
		HideSolutionNode = FALSE
	EndGlobalSection
	GlobalSection(ExtensibilityGlobals) = postSolution
		SolutionGuid = {851F71A7-DEE5-42DB-895F-39D7B2114D93}
	EndGlobalSection
EndGlobal
